
Microsoft Visual Studio Solution File, Format Version 12.00
# Visual Studio 15
VisualStudioVersion = 15.0.27004.2010
MinimumVisualStudioVersion = 10.0.40219.1
Project("{FAE04EC0-301F-11D3-BF4B-00C04F79EFBC}") = "DnDDiceRoller", "DnDDiceRoller\DnDDiceRoller.csproj", "{9697340C-8BFE-453F-885C-8A719C78E999}"
EndProject
Global
	GlobalSection(SolutionConfigurationPlatforms) = preSolution
		Debug|Any CPU = Debug|Any CPU
		Release|Any CPU = Release|Any CPU
	EndGlobalSection
	GlobalSection(ProjectConfigurationPlatforms) = postSolution
		{9697340C-8BFE-453F-885C-8A719C78E999}.Debug|Any CPU.ActiveCfg = Debug|Any CPU
		{9697340C-8BFE-453F-885C-8A719C78E999}.Debug|Any CPU.Build.0 = Debug|Any CPU
		{9697340C-8BFE-453F-885C-8A719C78E999}.Release|Any CPU.ActiveCfg = Release|Any CPU
		{9697340C-8BFE-453F-885C-8A719C78E999}.Release|Any CPU.Build.0 = Release|Any CPU
	EndGlobalSection
	GlobalSection(SolutionProperties) = preSolution
		HideSolutionNode = FALSE
	EndGlobalSection
	GlobalSection(ExtensibilityGlobals) = postSolution
		SolutionGuid = {3C873247-E691-4AB2-B359-229C47664AC9}
	EndGlobalSection
EndGlobal
